// !$*UTF8*$!
{
	archiveVersion = 1;
	classes = {
	};
	objectVersion = 46;
	objects = {

/* Begin PBXBuildFile section */
		00E356F31AD99517003FC87E /* RushVendorTests.m in Sources */ = {isa = PBXBuildFile; fileRef = 00E356F21AD99517003FC87E /* RushVendorTests.m */; };
		13B07FBC1A68108700A75B9A /* AppDelegate.m in Sources */ = {isa = PBXBuildFile; fileRef = 13B07FB01A68108700A75B9A /* AppDelegate.m */; };
		13B07FBF1A68108700A75B9A /* Images.xcassets in Resources */ = {isa = PBXBuildFile; fileRef = 13B07FB51A68108700A75B9A /* Images.xcassets */; };
		13B07FC11A68108700A75B9A /* main.m in Sources */ = {isa = PBXBuildFile; fileRef = 13B07FB71A68108700A75B9A /* main.m */; };
		2D02E4BC1E0B4A80006451C7 /* AppDelegate.m in Sources */ = {isa = PBXBuildFile; fileRef = 13B07FB01A68108700A75B9A /* AppDelegate.m */; };
		2D02E4BD1E0B4A84006451C7 /* Images.xcassets in Resources */ = {isa = PBXBuildFile; fileRef = 13B07FB51A68108700A75B9A /* Images.xcassets */; };
		2D02E4BF1E0B4AB3006451C7 /* main.m in Sources */ = {isa = PBXBuildFile; fileRef = 13B07FB71A68108700A75B9A /* main.m */; };
		2DCD954D1E0B4F2C00145EB5 /* RushVendorTests.m in Sources */ = {isa = PBXBuildFile; fileRef = 00E356F21AD99517003FC87E /* RushVendorTests.m */; };
		81AB9BB82411601600AC10FF /* LaunchScreen.storyboard in Resources */ = {isa = PBXBuildFile; fileRef = 81AB9BB72411601600AC10FF /* LaunchScreen.storyboard */; };
		E1377A3BA5554612B7FA4703 /* BebasNeue-Bold.otf in Resources */ = {isa = PBXBuildFile; fileRef = 7502FCA7A21D43DAB6BCCE19 /* BebasNeue-Bold.otf */; };
		68C0DA1D87514EC687AAE6DB /* BebasNeue-Book.otf in Resources */ = {isa = PBXBuildFile; fileRef = 941B500440C640108661D286 /* BebasNeue-Book.otf */; };
		4C9B43E515F74A07A8007926 /* BebasNeue-Light.otf in Resources */ = {isa = PBXBuildFile; fileRef = 44D8D28752294FC197801E59 /* BebasNeue-Light.otf */; };
		DA2A70FBA4FC48C3A1FD5ACC /* BebasNeue-Regular.otf in Resources */ = {isa = PBXBuildFile; fileRef = 00F48D7B2F3F46C5906BD538 /* BebasNeue-Regular.otf */; };
		46033BC0EB5747D4945D42C3 /* BebasNeue-Thin.otf in Resources */ = {isa = PBXBuildFile; fileRef = 00EBD15D636144C7BD258431 /* BebasNeue-Thin.otf */; };
		D219E397C2F74382B98BE1AE /* Poppins-Black.ttf in Resources */ = {isa = PBXBuildFile; fileRef = 8303147772514466AF5DAE5E /* Poppins-Black.ttf */; };
		48F28BB089754904B023D0F3 /* Poppins-BlackItalic.ttf in Resources */ = {isa = PBXBuildFile; fileRef = 1035B00BAC364BF5B44BA21E /* Poppins-BlackItalic.ttf */; };
		CF2537AB322D456AA354DBB0 /* Poppins-Bold.ttf in Resources */ = {isa = PBXBuildFile; fileRef = 2F24A6C2D66E417E93BB26A5 /* Poppins-Bold.ttf */; };
		15EBCFE91B1246E5B64C9D6D /* Poppins-BoldItalic.ttf in Resources */ = {isa = PBXBuildFile; fileRef = 97D63FB234834195BCE684EE /* Poppins-BoldItalic.ttf */; };
		CDD57596CDA04596B615EF6F /* Poppins-ExtraBold.ttf in Resources */ = {isa = PBXBuildFile; fileRef = 7EEC2999F58C4C6A8884F9A2 /* Poppins-ExtraBold.ttf */; };
		7DCD8F4680BF4D1C84B09B37 /* Poppins-ExtraBoldItalic.ttf in Resources */ = {isa = PBXBuildFile; fileRef = C1D94185757F4537B4403DB9 /* Poppins-ExtraBoldItalic.ttf */; };
		7DBC5D0778454105A256FB1A /* Poppins-ExtraLight.ttf in Resources */ = {isa = PBXBuildFile; fileRef = 041880D2585F49859DE7386E /* Poppins-ExtraLight.ttf */; };
		AF75F1CA5B1C4BAB97137C4C /* Poppins-ExtraLightItalic.ttf in Resources */ = {isa = PBXBuildFile; fileRef = 105BA19C22CE4B77B9521B69 /* Poppins-ExtraLightItalic.ttf */; };
		99D4D76FFE8543829CFD3308 /* Poppins-Italic.ttf in Resources */ = {isa = PBXBuildFile; fileRef = 6650C64CC9954754BAC6E3B9 /* Poppins-Italic.ttf */; };
		58993F39A8E741F99DE2FF60 /* Poppins-Light.ttf in Resources */ = {isa = PBXBuildFile; fileRef = C468439D35F447B59294F1C8 /* Poppins-Light.ttf */; };
		FED89543A5FA46A6848CB0A8 /* Poppins-LightItalic.ttf in Resources */ = {isa = PBXBuildFile; fileRef = 4367BE03AC8B4BA2AFAC16CE /* Poppins-LightItalic.ttf */; };
		6517CF0D00B74EE9A2DC7D79 /* Poppins-Medium.ttf in Resources */ = {isa = PBXBuildFile; fileRef = 4D404EEEAA684B68B50D440D /* Poppins-Medium.ttf */; };
		B3080B3C7C4845F4907799A5 /* Poppins-MediumItalic.ttf in Resources */ = {isa = PBXBuildFile; fileRef = 2D2635CC137E44F7B10592EB /* Poppins-MediumItalic.ttf */; };
		DE3E0EA774A74338A647E3D4 /* Poppins-Regular.ttf in Resources */ = {isa = PBXBuildFile; fileRef = A65B86A52A0948DFB7AE885A /* Poppins-Regular.ttf */; };
		017DF851EA814E83B5441A0B /* Poppins-SemiBold.ttf in Resources */ = {isa = PBXBuildFile; fileRef = E95A64A2682A4E4298717258 /* Poppins-SemiBold.ttf */; };
		4852DD17CB3041879B15A77B /* Poppins-SemiBoldItalic.ttf in Resources */ = {isa = PBXBuildFile; fileRef = 13268C32D79E4486824BF90D /* Poppins-SemiBoldItalic.ttf */; };
		4F686488222A48B5BFD784FB /* Poppins-Thin.ttf in Resources */ = {isa = PBXBuildFile; fileRef = 032D7EDADFB74240AA34DE6A /* Poppins-Thin.ttf */; };
		1431DC7459A54171A92D6F64 /* Poppins-ThinItalic.ttf in Resources */ = {isa = PBXBuildFile; fileRef = 7153F7F0EB1441D681BE1CCA /* Poppins-ThinItalic.ttf */; };
		DD2EC530468042548545DAFC /* SourceSansPro-Black.ttf in Resources */ = {isa = PBXBuildFile; fileRef = 4C9D699F60F24B36A10A92C9 /* SourceSansPro-Black.ttf */; };
		36CA9E7E8B394794A51820AD /* SourceSansPro-BlackItalic.ttf in Resources */ = {isa = PBXBuildFile; fileRef = D49DD377DF164D3C86CB4052 /* SourceSansPro-BlackItalic.ttf */; };
		72D58E9431664FDB99A0F839 /* SourceSansPro-Bold.ttf in Resources */ = {isa = PBXBuildFile; fileRef = D3559B81E647477CB2D1ADE8 /* SourceSansPro-Bold.ttf */; };
		B0DF6AFC25184AD7AB72F6E9 /* SourceSansPro-BoldItalic.ttf in Resources */ = {isa = PBXBuildFile; fileRef = DE6EEA24A0CA47B7AAE74FD7 /* SourceSansPro-BoldItalic.ttf */; };
		570D9CD7BCA24E4D870E445E /* SourceSansPro-ExtraLight.ttf in Resources */ = {isa = PBXBuildFile; fileRef = EF671E325B1D46CAB3308387 /* SourceSansPro-ExtraLight.ttf */; };
		BC6B19F68D214B79BAC33A6C /* SourceSansPro-ExtraLightItalic.ttf in Resources */ = {isa = PBXBuildFile; fileRef = EF14C232322A42688A725FAD /* SourceSansPro-ExtraLightItalic.ttf */; };
		96FA4B7FC9C447D794BFDB70 /* SourceSansPro-Italic.ttf in Resources */ = {isa = PBXBuildFile; fileRef = 8AE15DC8AFD940D5BFEB66A5 /* SourceSansPro-Italic.ttf */; };
		A0065AEFFDF143B2A05C663E /* SourceSansPro-Light.ttf in Resources */ = {isa = PBXBuildFile; fileRef = 30F4B03EB7194B37A48E868D /* SourceSansPro-Light.ttf */; };
		D5087DFF6F664C5AB8A48A87 /* SourceSansPro-LightItalic.ttf in Resources */ = {isa = PBXBuildFile; fileRef = 4EE4E3751F9149BE94CCDC97 /* SourceSansPro-LightItalic.ttf */; };
		EAFA2621A0B14E37B31966D3 /* SourceSansPro-Regular.ttf in Resources */ = {isa = PBXBuildFile; fileRef = 49A92312EA5F4D0BA5C6FE69 /* SourceSansPro-Regular.ttf */; };
		04654C4BF7D549CAAF4927E4 /* SourceSansPro-SemiBold.ttf in Resources */ = {isa = PBXBuildFile; fileRef = AE228CB27F68463B8F27AEBA /* SourceSansPro-SemiBold.ttf */; };
		EAD6779240454BB898317C5B /* SourceSansPro-SemiBoldItalic.ttf in Resources */ = {isa = PBXBuildFile; fileRef = 9185EE990BD646B086967762 /* SourceSansPro-SemiBoldItalic.ttf */; };
		409320EAFE9047288C638120 /* AntDesign.ttf in Resources */ = {isa = PBXBuildFile; fileRef = 9F112180CF5F401DA1C45134 /* AntDesign.ttf */; };
		A113F61F86D247FEA830A4B0 /* Entypo.ttf in Resources */ = {isa = PBXBuildFile; fileRef = 89FAA15553F34E6AA7F51C8B /* Entypo.ttf */; };
		4199EB061C6146898706AB80 /* EvilIcons.ttf in Resources */ = {isa = PBXBuildFile; fileRef = E72A8FEE979D496EBF993334 /* EvilIcons.ttf */; };
		69675EB2E4DB423DA7B3BE9F /* Feather.ttf in Resources */ = {isa = PBXBuildFile; fileRef = 51EECB8360F44169A3638C26 /* Feather.ttf */; };
		7CF127B09EDB4658A35FDFE3 /* FontAwesome.ttf in Resources */ = {isa = PBXBuildFile; fileRef = 58566C2226D0463194E78C88 /* FontAwesome.ttf */; };
		3A88E989CAA0420B88F5CA9F /* FontAwesome5_Brands.ttf in Resources */ = {isa = PBXBuildFile; fileRef = 6C2D497A87E64BE6A2D7F885 /* FontAwesome5_Brands.ttf */; };
		BA713AD527C242E6A62C238E /* FontAwesome5_Regular.ttf in Resources */ = {isa = PBXBuildFile; fileRef = 67E9F8B4AA794558999F9AC9 /* FontAwesome5_Regular.ttf */; };
		4E218FCB440A4750A1EA4231 /* FontAwesome5_Solid.ttf in Resources */ = {isa = PBXBuildFile; fileRef = 5329C6C857764C2C967FE4C2 /* FontAwesome5_Solid.ttf */; };
		441314BC8FA4444387CAC490 /* Fontisto.ttf in Resources */ = {isa = PBXBuildFile; fileRef = 5AAA30D747D047E4B0BEBC86 /* Fontisto.ttf */; };
		006983AF2C0B4665A4B18641 /* Foundation.ttf in Resources */ = {isa = PBXBuildFile; fileRef = C5124694AB604953BF799866 /* Foundation.ttf */; };
		84BA3F697FAA41D9B7FA6BE2 /* Ionicons.ttf in Resources */ = {isa = PBXBuildFile; fileRef = 6DCE6C4CD3434104BCA79721 /* Ionicons.ttf */; };
		C2D323E6072F4A7087186C5D /* MaterialCommunityIcons.ttf in Resources */ = {isa = PBXBuildFile; fileRef = AB3DF557E6024AD8A91FBC8F /* MaterialCommunityIcons.ttf */; };
		136116A52B554137AFE70D87 /* MaterialIcons.ttf in Resources */ = {isa = PBXBuildFile; fileRef = 5F5EF048CAB54BD199DBE98A /* MaterialIcons.ttf */; };
		588C1CA466F648E5B979E85D /* Octicons.ttf in Resources */ = {isa = PBXBuildFile; fileRef = 3B17E5A0F55943FC891E684C /* Octicons.ttf */; };
		09486D912C25493C852DA812 /* Roboto_medium.ttf in Resources */ = {isa = PBXBuildFile; fileRef = 548DCA219A05449C9D7603D9 /* Roboto_medium.ttf */; };
		CD183DE2E44E4856AD5DD8FD /* Roboto.ttf in Resources */ = {isa = PBXBuildFile; fileRef = 30A7F6E85FC84B4BBE196ABA /* Roboto.ttf */; };
		579ED5E7DF07430FBF686536 /* rubicon-icon-font.ttf in Resources */ = {isa = PBXBuildFile; fileRef = 00021E84D5CC4C7586602F4F /* rubicon-icon-font.ttf */; };
		0F2B3154A6654DA59C0C249D /* SimpleLineIcons.ttf in Resources */ = {isa = PBXBuildFile; fileRef = 991E3B35033B421A8A7E0BBF /* SimpleLineIcons.ttf */; };
		2A79BEA702EE48EE8378049D /* Zocial.ttf in Resources */ = {isa = PBXBuildFile; fileRef = A69C42225DAE4E589F576FCA /* Zocial.ttf */; };
/* End PBXBuildFile section */

/* Begin PBXContainerItemProxy section */
		00E356F41AD99517003FC87E /* PBXContainerItemProxy */ = {
			isa = PBXContainerItemProxy;
			containerPortal = 83CBB9F71A601CBA00E9B192 /* Project object */;
			proxyType = 1;
			remoteGlobalIDString = 13B07F861A680F5B00A75B9A;
			remoteInfo = RushVendor;
		};
		2D02E4911E0B4A5D006451C7 /* PBXContainerItemProxy */ = {
			isa = PBXContainerItemProxy;
			containerPortal = 83CBB9F71A601CBA00E9B192 /* Project object */;
			proxyType = 1;
			remoteGlobalIDString = 2D02E47A1E0B4A5D006451C7;
			remoteInfo = "RushVendor-tvOS";
		};
/* End PBXContainerItemProxy section */

/* Begin PBXFileReference section */
		008F07F21AC5B25A0029DE68 /* main.jsbundle */ = {isa = PBXFileReference; fileEncoding = 4; lastKnownFileType = text; path = main.jsbundle; sourceTree = "<group>"; };
		00E356EE1AD99517003FC87E /* RushVendorTests.xctest */ = {isa = PBXFileReference; explicitFileType = wrapper.cfbundle; includeInIndex = 0; path = RushVendorTests.xctest; sourceTree = BUILT_PRODUCTS_DIR; };
		00E356F11AD99517003FC87E /* Info.plist */ = {isa = PBXFileReference; lastKnownFileType = text.plist.xml; path = Info.plist; sourceTree = "<group>"; };
		00E356F21AD99517003FC87E /* RushVendorTests.m */ = {isa = PBXFileReference; lastKnownFileType = sourcecode.c.objc; path = RushVendorTests.m; sourceTree = "<group>"; };
		13B07F961A680F5B00A75B9A /* RushVendor.app */ = {isa = PBXFileReference; explicitFileType = wrapper.application; includeInIndex = 0; path = RushVendor.app; sourceTree = BUILT_PRODUCTS_DIR; };
		13B07FAF1A68108700A75B9A /* AppDelegate.h */ = {isa = PBXFileReference; fileEncoding = 4; lastKnownFileType = sourcecode.c.h; name = AppDelegate.h; path = RushVendor/AppDelegate.h; sourceTree = "<group>"; };
		13B07FB01A68108700A75B9A /* AppDelegate.m */ = {isa = PBXFileReference; fileEncoding = 4; lastKnownFileType = sourcecode.c.objc; name = AppDelegate.m; path = RushVendor/AppDelegate.m; sourceTree = "<group>"; };
		13B07FB51A68108700A75B9A /* Images.xcassets */ = {isa = PBXFileReference; lastKnownFileType = folder.assetcatalog; name = Images.xcassets; path = RushVendor/Images.xcassets; sourceTree = "<group>"; };
		13B07FB61A68108700A75B9A /* Info.plist */ = {isa = PBXFileReference; fileEncoding = 4; lastKnownFileType = text.plist.xml; name = Info.plist; path = RushVendor/Info.plist; sourceTree = "<group>"; };
		13B07FB71A68108700A75B9A /* main.m */ = {isa = PBXFileReference; fileEncoding = 4; lastKnownFileType = sourcecode.c.objc; name = main.m; path = RushVendor/main.m; sourceTree = "<group>"; };
		2D02E47B1E0B4A5D006451C7 /* RushVendor-tvOS.app */ = {isa = PBXFileReference; explicitFileType = wrapper.application; includeInIndex = 0; path = "RushVendor-tvOS.app"; sourceTree = BUILT_PRODUCTS_DIR; };
		2D02E4901E0B4A5D006451C7 /* RushVendor-tvOSTests.xctest */ = {isa = PBXFileReference; explicitFileType = wrapper.cfbundle; includeInIndex = 0; path = "RushVendor-tvOSTests.xctest"; sourceTree = BUILT_PRODUCTS_DIR; };
		81AB9BB72411601600AC10FF /* LaunchScreen.storyboard */ = {isa = PBXFileReference; fileEncoding = 4; lastKnownFileType = file.storyboard; name = LaunchScreen.storyboard; path = RushVendor/LaunchScreen.storyboard; sourceTree = "<group>"; };
		ED297162215061F000B7C4FE /* JavaScriptCore.framework */ = {isa = PBXFileReference; lastKnownFileType = wrapper.framework; name = JavaScriptCore.framework; path = System/Library/Frameworks/JavaScriptCore.framework; sourceTree = SDKROOT; };
		ED2971642150620600B7C4FE /* JavaScriptCore.framework */ = {isa = PBXFileReference; lastKnownFileType = wrapper.framework; name = JavaScriptCore.framework; path = Platforms/AppleTVOS.platform/Developer/SDKs/AppleTVOS12.0.sdk/System/Library/Frameworks/JavaScriptCore.framework; sourceTree = DEVELOPER_DIR; };
		7502FCA7A21D43DAB6BCCE19 /* BebasNeue-Bold.otf */ = {isa = PBXFileReference; name = "BebasNeue-Bold.otf"; path = "../App/Assets/fonts/Poppins/BebasNeue-Bold.otf"; sourceTree = "<group>"; fileEncoding = undefined; lastKnownFileType = unknown; explicitFileType = undefined; includeInIndex = 0; };
		941B500440C640108661D286 /* BebasNeue-Book.otf */ = {isa = PBXFileReference; name = "BebasNeue-Book.otf"; path = "../App/Assets/fonts/Poppins/BebasNeue-Book.otf"; sourceTree = "<group>"; fileEncoding = undefined; lastKnownFileType = unknown; explicitFileType = undefined; includeInIndex = 0; };
		44D8D28752294FC197801E59 /* BebasNeue-Light.otf */ = {isa = PBXFileReference; name = "BebasNeue-Light.otf"; path = "../App/Assets/fonts/Poppins/BebasNeue-Light.otf"; sourceTree = "<group>"; fileEncoding = undefined; lastKnownFileType = unknown; explicitFileType = undefined; includeInIndex = 0; };
		00F48D7B2F3F46C5906BD538 /* BebasNeue-Regular.otf */ = {isa = PBXFileReference; name = "BebasNeue-Regular.otf"; path = "../App/Assets/fonts/Poppins/BebasNeue-Regular.otf"; sourceTree = "<group>"; fileEncoding = undefined; lastKnownFileType = unknown; explicitFileType = undefined; includeInIndex = 0; };
		00EBD15D636144C7BD258431 /* BebasNeue-Thin.otf */ = {isa = PBXFileReference; name = "BebasNeue-Thin.otf"; path = "../App/Assets/fonts/Poppins/BebasNeue-Thin.otf"; sourceTree = "<group>"; fileEncoding = undefined; lastKnownFileType = unknown; explicitFileType = undefined; includeInIndex = 0; };
		8303147772514466AF5DAE5E /* Poppins-Black.ttf */ = {isa = PBXFileReference; name = "Poppins-Black.ttf"; path = "../App/Assets/fonts/Poppins/Poppins-Black.ttf"; sourceTree = "<group>"; fileEncoding = undefined; lastKnownFileType = unknown; explicitFileType = undefined; includeInIndex = 0; };
		1035B00BAC364BF5B44BA21E /* Poppins-BlackItalic.ttf */ = {isa = PBXFileReference; name = "Poppins-BlackItalic.ttf"; path = "../App/Assets/fonts/Poppins/Poppins-BlackItalic.ttf"; sourceTree = "<group>"; fileEncoding = undefined; lastKnownFileType = unknown; explicitFileType = undefined; includeInIndex = 0; };
		2F24A6C2D66E417E93BB26A5 /* Poppins-Bold.ttf */ = {isa = PBXFileReference; name = "Poppins-Bold.ttf"; path = "../App/Assets/fonts/Poppins/Poppins-Bold.ttf"; sourceTree = "<group>"; fileEncoding = undefined; lastKnownFileType = unknown; explicitFileType = undefined; includeInIndex = 0; };
		97D63FB234834195BCE684EE /* Poppins-BoldItalic.ttf */ = {isa = PBXFileReference; name = "Poppins-BoldItalic.ttf"; path = "../App/Assets/fonts/Poppins/Poppins-BoldItalic.ttf"; sourceTree = "<group>"; fileEncoding = undefined; lastKnownFileType = unknown; explicitFileType = undefined; includeInIndex = 0; };
		7EEC2999F58C4C6A8884F9A2 /* Poppins-ExtraBold.ttf */ = {isa = PBXFileReference; name = "Poppins-ExtraBold.ttf"; path = "../App/Assets/fonts/Poppins/Poppins-ExtraBold.ttf"; sourceTree = "<group>"; fileEncoding = undefined; lastKnownFileType = unknown; explicitFileType = undefined; includeInIndex = 0; };
		C1D94185757F4537B4403DB9 /* Poppins-ExtraBoldItalic.ttf */ = {isa = PBXFileReference; name = "Poppins-ExtraBoldItalic.ttf"; path = "../App/Assets/fonts/Poppins/Poppins-ExtraBoldItalic.ttf"; sourceTree = "<group>"; fileEncoding = undefined; lastKnownFileType = unknown; explicitFileType = undefined; includeInIndex = 0; };
		041880D2585F49859DE7386E /* Poppins-ExtraLight.ttf */ = {isa = PBXFileReference; name = "Poppins-ExtraLight.ttf"; path = "../App/Assets/fonts/Poppins/Poppins-ExtraLight.ttf"; sourceTree = "<group>"; fileEncoding = undefined; lastKnownFileType = unknown; explicitFileType = undefined; includeInIndex = 0; };
		105BA19C22CE4B77B9521B69 /* Poppins-ExtraLightItalic.ttf */ = {isa = PBXFileReference; name = "Poppins-ExtraLightItalic.ttf"; path = "../App/Assets/fonts/Poppins/Poppins-ExtraLightItalic.ttf"; sourceTree = "<group>"; fileEncoding = undefined; lastKnownFileType = unknown; explicitFileType = undefined; includeInIndex = 0; };
		6650C64CC9954754BAC6E3B9 /* Poppins-Italic.ttf */ = {isa = PBXFileReference; name = "Poppins-Italic.ttf"; path = "../App/Assets/fonts/Poppins/Poppins-Italic.ttf"; sourceTree = "<group>"; fileEncoding = undefined; lastKnownFileType = unknown; explicitFileType = undefined; includeInIndex = 0; };
		C468439D35F447B59294F1C8 /* Poppins-Light.ttf */ = {isa = PBXFileReference; name = "Poppins-Light.ttf"; path = "../App/Assets/fonts/Poppins/Poppins-Light.ttf"; sourceTree = "<group>"; fileEncoding = undefined; lastKnownFileType = unknown; explicitFileType = undefined; includeInIndex = 0; };
		4367BE03AC8B4BA2AFAC16CE /* Poppins-LightItalic.ttf */ = {isa = PBXFileReference; name = "Poppins-LightItalic.ttf"; path = "../App/Assets/fonts/Poppins/Poppins-LightItalic.ttf"; sourceTree = "<group>"; fileEncoding = undefined; lastKnownFileType = unknown; explicitFileType = undefined; includeInIndex = 0; };
		4D404EEEAA684B68B50D440D /* Poppins-Medium.ttf */ = {isa = PBXFileReference; name = "Poppins-Medium.ttf"; path = "../App/Assets/fonts/Poppins/Poppins-Medium.ttf"; sourceTree = "<group>"; fileEncoding = undefined; lastKnownFileType = unknown; explicitFileType = undefined; includeInIndex = 0; };
		2D2635CC137E44F7B10592EB /* Poppins-MediumItalic.ttf */ = {isa = PBXFileReference; name = "Poppins-MediumItalic.ttf"; path = "../App/Assets/fonts/Poppins/Poppins-MediumItalic.ttf"; sourceTree = "<group>"; fileEncoding = undefined; lastKnownFileType = unknown; explicitFileType = undefined; includeInIndex = 0; };
		A65B86A52A0948DFB7AE885A /* Poppins-Regular.ttf */ = {isa = PBXFileReference; name = "Poppins-Regular.ttf"; path = "../App/Assets/fonts/Poppins/Poppins-Regular.ttf"; sourceTree = "<group>"; fileEncoding = undefined; lastKnownFileType = unknown; explicitFileType = undefined; includeInIndex = 0; };
		E95A64A2682A4E4298717258 /* Poppins-SemiBold.ttf */ = {isa = PBXFileReference; name = "Poppins-SemiBold.ttf"; path = "../App/Assets/fonts/Poppins/Poppins-SemiBold.ttf"; sourceTree = "<group>"; fileEncoding = undefined; lastKnownFileType = unknown; explicitFileType = undefined; includeInIndex = 0; };
		13268C32D79E4486824BF90D /* Poppins-SemiBoldItalic.ttf */ = {isa = PBXFileReference; name = "Poppins-SemiBoldItalic.ttf"; path = "../App/Assets/fonts/Poppins/Poppins-SemiBoldItalic.ttf"; sourceTree = "<group>"; fileEncoding = undefined; lastKnownFileType = unknown; explicitFileType = undefined; includeInIndex = 0; };
		032D7EDADFB74240AA34DE6A /* Poppins-Thin.ttf */ = {isa = PBXFileReference; name = "Poppins-Thin.ttf"; path = "../App/Assets/fonts/Poppins/Poppins-Thin.ttf"; sourceTree = "<group>"; fileEncoding = undefined; lastKnownFileType = unknown; explicitFileType = undefined; includeInIndex = 0; };
		7153F7F0EB1441D681BE1CCA /* Poppins-ThinItalic.ttf */ = {isa = PBXFileReference; name = "Poppins-ThinItalic.ttf"; path = "../App/Assets/fonts/Poppins/Poppins-ThinItalic.ttf"; sourceTree = "<group>"; fileEncoding = undefined; lastKnownFileType = unknown; explicitFileType = undefined; includeInIndex = 0; };
		4C9D699F60F24B36A10A92C9 /* SourceSansPro-Black.ttf */ = {isa = PBXFileReference; name = "SourceSansPro-Black.ttf"; path = "../App/Assets/fonts/Poppins/SourceSansPro-Black.ttf"; sourceTree = "<group>"; fileEncoding = undefined; lastKnownFileType = unknown; explicitFileType = undefined; includeInIndex = 0; };
		D49DD377DF164D3C86CB4052 /* SourceSansPro-BlackItalic.ttf */ = {isa = PBXFileReference; name = "SourceSansPro-BlackItalic.ttf"; path = "../App/Assets/fonts/Poppins/SourceSansPro-BlackItalic.ttf"; sourceTree = "<group>"; fileEncoding = undefined; lastKnownFileType = unknown; explicitFileType = undefined; includeInIndex = 0; };
		D3559B81E647477CB2D1ADE8 /* SourceSansPro-Bold.ttf */ = {isa = PBXFileReference; name = "SourceSansPro-Bold.ttf"; path = "../App/Assets/fonts/Poppins/SourceSansPro-Bold.ttf"; sourceTree = "<group>"; fileEncoding = undefined; lastKnownFileType = unknown; explicitFileType = undefined; includeInIndex = 0; };
		DE6EEA24A0CA47B7AAE74FD7 /* SourceSansPro-BoldItalic.ttf */ = {isa = PBXFileReference; name = "SourceSansPro-BoldItalic.ttf"; path = "../App/Assets/fonts/Poppins/SourceSansPro-BoldItalic.ttf"; sourceTree = "<group>"; fileEncoding = undefined; lastKnownFileType = unknown; explicitFileType = undefined; includeInIndex = 0; };
		EF671E325B1D46CAB3308387 /* SourceSansPro-ExtraLight.ttf */ = {isa = PBXFileReference; name = "SourceSansPro-ExtraLight.ttf"; path = "../App/Assets/fonts/Poppins/SourceSansPro-ExtraLight.ttf"; sourceTree = "<group>"; fileEncoding = undefined; lastKnownFileType = unknown; explicitFileType = undefined; includeInIndex = 0; };
		EF14C232322A42688A725FAD /* SourceSansPro-ExtraLightItalic.ttf */ = {isa = PBXFileReference; name = "SourceSansPro-ExtraLightItalic.ttf"; path = "../App/Assets/fonts/Poppins/SourceSansPro-ExtraLightItalic.ttf"; sourceTree = "<group>"; fileEncoding = undefined; lastKnownFileType = unknown; explicitFileType = undefined; includeInIndex = 0; };
		8AE15DC8AFD940D5BFEB66A5 /* SourceSansPro-Italic.ttf */ = {isa = PBXFileReference; name = "SourceSansPro-Italic.ttf"; path = "../App/Assets/fonts/Poppins/SourceSansPro-Italic.ttf"; sourceTree = "<group>"; fileEncoding = undefined; lastKnownFileType = unknown; explicitFileType = undefined; includeInIndex = 0; };
		30F4B03EB7194B37A48E868D /* SourceSansPro-Light.ttf */ = {isa = PBXFileReference; name = "SourceSansPro-Light.ttf"; path = "../App/Assets/fonts/Poppins/SourceSansPro-Light.ttf"; sourceTree = "<group>"; fileEncoding = undefined; lastKnownFileType = unknown; explicitFileType = undefined; includeInIndex = 0; };
		4EE4E3751F9149BE94CCDC97 /* SourceSansPro-LightItalic.ttf */ = {isa = PBXFileReference; name = "SourceSansPro-LightItalic.ttf"; path = "../App/Assets/fonts/Poppins/SourceSansPro-LightItalic.ttf"; sourceTree = "<group>"; fileEncoding = undefined; lastKnownFileType = unknown; explicitFileType = undefined; includeInIndex = 0; };
		49A92312EA5F4D0BA5C6FE69 /* SourceSansPro-Regular.ttf */ = {isa = PBXFileReference; name = "SourceSansPro-Regular.ttf"; path = "../App/Assets/fonts/Poppins/SourceSansPro-Regular.ttf"; sourceTree = "<group>"; fileEncoding = undefined; lastKnownFileType = unknown; explicitFileType = undefined; includeInIndex = 0; };
		AE228CB27F68463B8F27AEBA /* SourceSansPro-SemiBold.ttf */ = {isa = PBXFileReference; name = "SourceSansPro-SemiBold.ttf"; path = "../App/Assets/fonts/Poppins/SourceSansPro-SemiBold.ttf"; sourceTree = "<group>"; fileEncoding = undefined; lastKnownFileType = unknown; explicitFileType = undefined; includeInIndex = 0; };
		9185EE990BD646B086967762 /* SourceSansPro-SemiBoldItalic.ttf */ = {isa = PBXFileReference; name = "SourceSansPro-SemiBoldItalic.ttf"; path = "../App/Assets/fonts/Poppins/SourceSansPro-SemiBoldItalic.ttf"; sourceTree = "<group>"; fileEncoding = undefined; lastKnownFileType = unknown; explicitFileType = undefined; includeInIndex = 0; };
		9F112180CF5F401DA1C45134 /* AntDesign.ttf */ = {isa = PBXFileReference; name = "AntDesign.ttf"; path = "../node_modules/native-base/Fonts/AntDesign.ttf"; sourceTree = "<group>"; fileEncoding = undefined; lastKnownFileType = unknown; explicitFileType = undefined; includeInIndex = 0; };
		89FAA15553F34E6AA7F51C8B /* Entypo.ttf */ = {isa = PBXFileReference; name = "Entypo.ttf"; path = "../node_modules/native-base/Fonts/Entypo.ttf"; sourceTree = "<group>"; fileEncoding = undefined; lastKnownFileType = unknown; explicitFileType = undefined; includeInIndex = 0; };
		E72A8FEE979D496EBF993334 /* EvilIcons.ttf */ = {isa = PBXFileReference; name = "EvilIcons.ttf"; path = "../node_modules/native-base/Fonts/EvilIcons.ttf"; sourceTree = "<group>"; fileEncoding = undefined; lastKnownFileType = unknown; explicitFileType = undefined; includeInIndex = 0; };
		51EECB8360F44169A3638C26 /* Feather.ttf */ = {isa = PBXFileReference; name = "Feather.ttf"; path = "../node_modules/native-base/Fonts/Feather.ttf"; sourceTree = "<group>"; fileEncoding = undefined; lastKnownFileType = unknown; explicitFileType = undefined; includeInIndex = 0; };
		58566C2226D0463194E78C88 /* FontAwesome.ttf */ = {isa = PBXFileReference; name = "FontAwesome.ttf"; path = "../node_modules/native-base/Fonts/FontAwesome.ttf"; sourceTree = "<group>"; fileEncoding = undefined; lastKnownFileType = unknown; explicitFileType = undefined; includeInIndex = 0; };
		6C2D497A87E64BE6A2D7F885 /* FontAwesome5_Brands.ttf */ = {isa = PBXFileReference; name = "FontAwesome5_Brands.ttf"; path = "../node_modules/native-base/Fonts/FontAwesome5_Brands.ttf"; sourceTree = "<group>"; fileEncoding = undefined; lastKnownFileType = unknown; explicitFileType = undefined; includeInIndex = 0; };
		67E9F8B4AA794558999F9AC9 /* FontAwesome5_Regular.ttf */ = {isa = PBXFileReference; name = "FontAwesome5_Regular.ttf"; path = "../node_modules/native-base/Fonts/FontAwesome5_Regular.ttf"; sourceTree = "<group>"; fileEncoding = undefined; lastKnownFileType = unknown; explicitFileType = undefined; includeInIndex = 0; };
		5329C6C857764C2C967FE4C2 /* FontAwesome5_Solid.ttf */ = {isa = PBXFileReference; name = "FontAwesome5_Solid.ttf"; path = "../node_modules/native-base/Fonts/FontAwesome5_Solid.ttf"; sourceTree = "<group>"; fileEncoding = undefined; lastKnownFileType = unknown; explicitFileType = undefined; includeInIndex = 0; };
		5AAA30D747D047E4B0BEBC86 /* Fontisto.ttf */ = {isa = PBXFileReference; name = "Fontisto.ttf"; path = "../node_modules/native-base/Fonts/Fontisto.ttf"; sourceTree = "<group>"; fileEncoding = undefined; lastKnownFileType = unknown; explicitFileType = undefined; includeInIndex = 0; };
		C5124694AB604953BF799866 /* Foundation.ttf */ = {isa = PBXFileReference; name = "Foundation.ttf"; path = "../node_modules/native-base/Fonts/Foundation.ttf"; sourceTree = "<group>"; fileEncoding = undefined; lastKnownFileType = unknown; explicitFileType = undefined; includeInIndex = 0; };
		6DCE6C4CD3434104BCA79721 /* Ionicons.ttf */ = {isa = PBXFileReference; name = "Ionicons.ttf"; path = "../node_modules/native-base/Fonts/Ionicons.ttf"; sourceTree = "<group>"; fileEncoding = undefined; lastKnownFileType = unknown; explicitFileType = undefined; includeInIndex = 0; };
		AB3DF557E6024AD8A91FBC8F /* MaterialCommunityIcons.ttf */ = {isa = PBXFileReference; name = "MaterialCommunityIcons.ttf"; path = "../node_modules/native-base/Fonts/MaterialCommunityIcons.ttf"; sourceTree = "<group>"; fileEncoding = undefined; lastKnownFileType = unknown; explicitFileType = undefined; includeInIndex = 0; };
		5F5EF048CAB54BD199DBE98A /* MaterialIcons.ttf */ = {isa = PBXFileReference; name = "MaterialIcons.ttf"; path = "../node_modules/native-base/Fonts/MaterialIcons.ttf"; sourceTree = "<group>"; fileEncoding = undefined; lastKnownFileType = unknown; explicitFileType = undefined; includeInIndex = 0; };
		3B17E5A0F55943FC891E684C /* Octicons.ttf */ = {isa = PBXFileReference; name = "Octicons.ttf"; path = "../node_modules/native-base/Fonts/Octicons.ttf"; sourceTree = "<group>"; fileEncoding = undefined; lastKnownFileType = unknown; explicitFileType = undefined; includeInIndex = 0; };
		548DCA219A05449C9D7603D9 /* Roboto_medium.ttf */ = {isa = PBXFileReference; name = "Roboto_medium.ttf"; path = "../node_modules/native-base/Fonts/Roboto_medium.ttf"; sourceTree = "<group>"; fileEncoding = undefined; lastKnownFileType = unknown; explicitFileType = undefined; includeInIndex = 0; };
		30A7F6E85FC84B4BBE196ABA /* Roboto.ttf */ = {isa = PBXFileReference; name = "Roboto.ttf"; path = "../node_modules/native-base/Fonts/Roboto.ttf"; sourceTree = "<group>"; fileEncoding = undefined; lastKnownFileType = unknown; explicitFileType = undefined; includeInIndex = 0; };
		00021E84D5CC4C7586602F4F /* rubicon-icon-font.ttf */ = {isa = PBXFileReference; name = "rubicon-icon-font.ttf"; path = "../node_modules/native-base/Fonts/rubicon-icon-font.ttf"; sourceTree = "<group>"; fileEncoding = undefined; lastKnownFileType = unknown; explicitFileType = undefined; includeInIndex = 0; };
		991E3B35033B421A8A7E0BBF /* SimpleLineIcons.ttf */ = {isa = PBXFileReference; name = "SimpleLineIcons.ttf"; path = "../node_modules/native-base/Fonts/SimpleLineIcons.ttf"; sourceTree = "<group>"; fileEncoding = undefined; lastKnownFileType = unknown; explicitFileType = undefined; includeInIndex = 0; };
		A69C42225DAE4E589F576FCA /* Zocial.ttf */ = {isa = PBXFileReference; name = "Zocial.ttf"; path = "../node_modules/native-base/Fonts/Zocial.ttf"; sourceTree = "<group>"; fileEncoding = undefined; lastKnownFileType = unknown; explicitFileType = undefined; includeInIndex = 0; };
/* End PBXFileReference section */

/* Begin PBXFrameworksBuildPhase section */
		00E356EB1AD99517003FC87E /* Frameworks */ = {
			isa = PBXFrameworksBuildPhase;
			buildActionMask = 2147483647;
			files = (
			);
			runOnlyForDeploymentPostprocessing = 0;
		};
		13B07F8C1A680F5B00A75B9A /* Frameworks */ = {
			isa = PBXFrameworksBuildPhase;
			buildActionMask = 2147483647;
			files = (
			);
			runOnlyForDeploymentPostprocessing = 0;
		};
		2D02E4781E0B4A5D006451C7 /* Frameworks */ = {
			isa = PBXFrameworksBuildPhase;
			buildActionMask = 2147483647;
			files = (
			);
			runOnlyForDeploymentPostprocessing = 0;
		};
		2D02E48D1E0B4A5D006451C7 /* Frameworks */ = {
			isa = PBXFrameworksBuildPhase;
			buildActionMask = 2147483647;
			files = (
			);
			runOnlyForDeploymentPostprocessing = 0;
		};
/* End PBXFrameworksBuildPhase section */

/* Begin PBXGroup section */
		00E356EF1AD99517003FC87E /* RushVendorTests */ = {
			isa = PBXGroup;
			children = (
				00E356F21AD99517003FC87E /* RushVendorTests.m */,
				00E356F01AD99517003FC87E /* Supporting Files */,
			);
			path = RushVendorTests;
			sourceTree = "<group>";
		};
		00E356F01AD99517003FC87E /* Supporting Files */ = {
			isa = PBXGroup;
			children = (
				00E356F11AD99517003FC87E /* Info.plist */,
			);
			name = "Supporting Files";
			sourceTree = "<group>";
		};
		13B07FAE1A68108700A75B9A /* RushVendor */ = {
			isa = PBXGroup;
			children = (
				008F07F21AC5B25A0029DE68 /* main.jsbundle */,
				13B07FAF1A68108700A75B9A /* AppDelegate.h */,
				13B07FB01A68108700A75B9A /* AppDelegate.m */,
				13B07FB51A68108700A75B9A /* Images.xcassets */,
				13B07FB61A68108700A75B9A /* Info.plist */,
				81AB9BB72411601600AC10FF /* LaunchScreen.storyboard */,
				13B07FB71A68108700A75B9A /* main.m */,
			);
			name = RushVendor;
			sourceTree = "<group>";
		};
		2D16E6871FA4F8E400B85C8A /* Frameworks */ = {
			isa = PBXGroup;
			children = (
				ED297162215061F000B7C4FE /* JavaScriptCore.framework */,
				ED2971642150620600B7C4FE /* JavaScriptCore.framework */,
			);
			name = Frameworks;
			sourceTree = "<group>";
		};
		832341AE1AAA6A7D00B99B32 /* Libraries */ = {
			isa = PBXGroup;
			children = (
			);
			name = Libraries;
			sourceTree = "<group>";
		};
		83CBB9F61A601CBA00E9B192 = {
			isa = PBXGroup;
			children = (
				13B07FAE1A68108700A75B9A /* RushVendor */,
				832341AE1AAA6A7D00B99B32 /* Libraries */,
				00E356EF1AD99517003FC87E /* RushVendorTests */,
				83CBBA001A601CBA00E9B192 /* Products */,
				2D16E6871FA4F8E400B85C8A /* Frameworks */,
				9407745EF7B34A24A8B8C8B6 /* Resources */,
			);
			indentWidth = 2;
			sourceTree = "<group>";
			tabWidth = 2;
			usesTabs = 0;
		};
		83CBBA001A601CBA00E9B192 /* Products */ = {
			isa = PBXGroup;
			children = (
				13B07F961A680F5B00A75B9A /* RushVendor.app */,
				00E356EE1AD99517003FC87E /* RushVendorTests.xctest */,
				2D02E47B1E0B4A5D006451C7 /* RushVendor-tvOS.app */,
				2D02E4901E0B4A5D006451C7 /* RushVendor-tvOSTests.xctest */,
			);
			name = Products;
			sourceTree = "<group>";
		};
		9407745EF7B34A24A8B8C8B6 /* Resources */ = {
			isa = "PBXGroup";
			children = (
				7502FCA7A21D43DAB6BCCE19 /* BebasNeue-Bold.otf */,
				941B500440C640108661D286 /* BebasNeue-Book.otf */,
				44D8D28752294FC197801E59 /* BebasNeue-Light.otf */,
				00F48D7B2F3F46C5906BD538 /* BebasNeue-Regular.otf */,
				00EBD15D636144C7BD258431 /* BebasNeue-Thin.otf */,
				8303147772514466AF5DAE5E /* Poppins-Black.ttf */,
				1035B00BAC364BF5B44BA21E /* Poppins-BlackItalic.ttf */,
				2F24A6C2D66E417E93BB26A5 /* Poppins-Bold.ttf */,
				97D63FB234834195BCE684EE /* Poppins-BoldItalic.ttf */,
				7EEC2999F58C4C6A8884F9A2 /* Poppins-ExtraBold.ttf */,
				C1D94185757F4537B4403DB9 /* Poppins-ExtraBoldItalic.ttf */,
				041880D2585F49859DE7386E /* Poppins-ExtraLight.ttf */,
				105BA19C22CE4B77B9521B69 /* Poppins-ExtraLightItalic.ttf */,
				6650C64CC9954754BAC6E3B9 /* Poppins-Italic.ttf */,
				C468439D35F447B59294F1C8 /* Poppins-Light.ttf */,
				4367BE03AC8B4BA2AFAC16CE /* Poppins-LightItalic.ttf */,
				4D404EEEAA684B68B50D440D /* Poppins-Medium.ttf */,
				2D2635CC137E44F7B10592EB /* Poppins-MediumItalic.ttf */,
				A65B86A52A0948DFB7AE885A /* Poppins-Regular.ttf */,
				E95A64A2682A4E4298717258 /* Poppins-SemiBold.ttf */,
				13268C32D79E4486824BF90D /* Poppins-SemiBoldItalic.ttf */,
				032D7EDADFB74240AA34DE6A /* Poppins-Thin.ttf */,
				7153F7F0EB1441D681BE1CCA /* Poppins-ThinItalic.ttf */,
				4C9D699F60F24B36A10A92C9 /* SourceSansPro-Black.ttf */,
				D49DD377DF164D3C86CB4052 /* SourceSansPro-BlackItalic.ttf */,
				D3559B81E647477CB2D1ADE8 /* SourceSansPro-Bold.ttf */,
				DE6EEA24A0CA47B7AAE74FD7 /* SourceSansPro-BoldItalic.ttf */,
				EF671E325B1D46CAB3308387 /* SourceSansPro-ExtraLight.ttf */,
				EF14C232322A42688A725FAD /* SourceSansPro-ExtraLightItalic.ttf */,
				8AE15DC8AFD940D5BFEB66A5 /* SourceSansPro-Italic.ttf */,
				30F4B03EB7194B37A48E868D /* SourceSansPro-Light.ttf */,
				4EE4E3751F9149BE94CCDC97 /* SourceSansPro-LightItalic.ttf */,
				49A92312EA5F4D0BA5C6FE69 /* SourceSansPro-Regular.ttf */,
				AE228CB27F68463B8F27AEBA /* SourceSansPro-SemiBold.ttf */,
				9185EE990BD646B086967762 /* SourceSansPro-SemiBoldItalic.ttf */,
				9F112180CF5F401DA1C45134 /* AntDesign.ttf */,
				89FAA15553F34E6AA7F51C8B /* Entypo.ttf */,
				E72A8FEE979D496EBF993334 /* EvilIcons.ttf */,
				51EECB8360F44169A3638C26 /* Feather.ttf */,
				58566C2226D0463194E78C88 /* FontAwesome.ttf */,
				6C2D497A87E64BE6A2D7F885 /* FontAwesome5_Brands.ttf */,
				67E9F8B4AA794558999F9AC9 /* FontAwesome5_Regular.ttf */,
				5329C6C857764C2C967FE4C2 /* FontAwesome5_Solid.ttf */,
				5AAA30D747D047E4B0BEBC86 /* Fontisto.ttf */,
				C5124694AB604953BF799866 /* Foundation.ttf */,
				6DCE6C4CD3434104BCA79721 /* Ionicons.ttf */,
				AB3DF557E6024AD8A91FBC8F /* MaterialCommunityIcons.ttf */,
				5F5EF048CAB54BD199DBE98A /* MaterialIcons.ttf */,
				3B17E5A0F55943FC891E684C /* Octicons.ttf */,
				548DCA219A05449C9D7603D9 /* Roboto_medium.ttf */,
				30A7F6E85FC84B4BBE196ABA /* Roboto.ttf */,
				00021E84D5CC4C7586602F4F /* rubicon-icon-font.ttf */,
				991E3B35033B421A8A7E0BBF /* SimpleLineIcons.ttf */,
				A69C42225DAE4E589F576FCA /* Zocial.ttf */,
			);
			name = Resources;
			sourceTree = "<group>";
			path = "";
		};
/* End PBXGroup section */

/* Begin PBXNativeTarget section */
		00E356ED1AD99517003FC87E /* RushVendorTests */ = {
			isa = PBXNativeTarget;
			buildConfigurationList = 00E357021AD99517003FC87E /* Build configuration list for PBXNativeTarget "RushVendorTests" */;
			buildPhases = (
				00E356EA1AD99517003FC87E /* Sources */,
				00E356EB1AD99517003FC87E /* Frameworks */,
				00E356EC1AD99517003FC87E /* Resources */,
			);
			buildRules = (
			);
			dependencies = (
				00E356F51AD99517003FC87E /* PBXTargetDependency */,
			);
			name = RushVendorTests;
			productName = RushVendorTests;
			productReference = 00E356EE1AD99517003FC87E /* RushVendorTests.xctest */;
			productType = "com.apple.product-type.bundle.unit-test";
		};
		13B07F861A680F5B00A75B9A /* RushVendor */ = {
			isa = PBXNativeTarget;
			buildConfigurationList = 13B07F931A680F5B00A75B9A /* Build configuration list for PBXNativeTarget "RushVendor" */;
			buildPhases = (
				FD10A7F022414F080027D42C /* Start Packager */,
				13B07F871A680F5B00A75B9A /* Sources */,
				13B07F8C1A680F5B00A75B9A /* Frameworks */,
				13B07F8E1A680F5B00A75B9A /* Resources */,
				00DD1BFF1BD5951E006B06BC /* Bundle React Native code and images */,
			);
			buildRules = (
			);
			dependencies = (
			);
			name = RushVendor;
			productName = RushVendor;
			productReference = 13B07F961A680F5B00A75B9A /* RushVendor.app */;
			productType = "com.apple.product-type.application";
		};
		2D02E47A1E0B4A5D006451C7 /* RushVendor-tvOS */ = {
			isa = PBXNativeTarget;
			buildConfigurationList = 2D02E4BA1E0B4A5E006451C7 /* Build configuration list for PBXNativeTarget "RushVendor-tvOS" */;
			buildPhases = (
				FD10A7F122414F3F0027D42C /* Start Packager */,
				2D02E4771E0B4A5D006451C7 /* Sources */,
				2D02E4781E0B4A5D006451C7 /* Frameworks */,
				2D02E4791E0B4A5D006451C7 /* Resources */,
				2D02E4CB1E0B4B27006451C7 /* Bundle React Native Code And Images */,
			);
			buildRules = (
			);
			dependencies = (
			);
			name = "RushVendor-tvOS";
			productName = "RushVendor-tvOS";
			productReference = 2D02E47B1E0B4A5D006451C7 /* RushVendor-tvOS.app */;
			productType = "com.apple.product-type.application";
		};
		2D02E48F1E0B4A5D006451C7 /* RushVendor-tvOSTests */ = {
			isa = PBXNativeTarget;
			buildConfigurationList = 2D02E4BB1E0B4A5E006451C7 /* Build configuration list for PBXNativeTarget "RushVendor-tvOSTests" */;
			buildPhases = (
				2D02E48C1E0B4A5D006451C7 /* Sources */,
				2D02E48D1E0B4A5D006451C7 /* Frameworks */,
				2D02E48E1E0B4A5D006451C7 /* Resources */,
			);
			buildRules = (
			);
			dependencies = (
				2D02E4921E0B4A5D006451C7 /* PBXTargetDependency */,
			);
			name = "RushVendor-tvOSTests";
			productName = "RushVendor-tvOSTests";
			productReference = 2D02E4901E0B4A5D006451C7 /* RushVendor-tvOSTests.xctest */;
			productType = "com.apple.product-type.bundle.unit-test";
		};
/* End PBXNativeTarget section */

/* Begin PBXProject section */
		83CBB9F71A601CBA00E9B192 /* Project object */ = {
			isa = PBXProject;
			attributes = {
				LastUpgradeCheck = 1130;
				TargetAttributes = {
					00E356ED1AD99517003FC87E = {
						CreatedOnToolsVersion = 6.2;
						TestTargetID = 13B07F861A680F5B00A75B9A;
					};
					13B07F861A680F5B00A75B9A = {
						LastSwiftMigration = 1120;
					};
					2D02E47A1E0B4A5D006451C7 = {
						CreatedOnToolsVersion = 8.2.1;
						ProvisioningStyle = Automatic;
					};
					2D02E48F1E0B4A5D006451C7 = {
						CreatedOnToolsVersion = 8.2.1;
						ProvisioningStyle = Automatic;
						TestTargetID = 2D02E47A1E0B4A5D006451C7;
					};
				};
			};
			buildConfigurationList = 83CBB9FA1A601CBA00E9B192 /* Build configuration list for PBXProject "RushVendor" */;
			compatibilityVersion = "Xcode 3.2";
			developmentRegion = en;
			hasScannedForEncodings = 0;
			knownRegions = (
				en,
				Base,
			);
			mainGroup = 83CBB9F61A601CBA00E9B192;
			productRefGroup = 83CBBA001A601CBA00E9B192 /* Products */;
			projectDirPath = "";
			projectRoot = "";
			targets = (
				13B07F861A680F5B00A75B9A /* RushVendor */,
				00E356ED1AD99517003FC87E /* RushVendorTests */,
				2D02E47A1E0B4A5D006451C7 /* RushVendor-tvOS */,
				2D02E48F1E0B4A5D006451C7 /* RushVendor-tvOSTests */,
			);
		};
/* End PBXProject section */

/* Begin PBXResourcesBuildPhase section */
		00E356EC1AD99517003FC87E /* Resources */ = {
			isa = PBXResourcesBuildPhase;
			buildActionMask = 2147483647;
			files = (
			);
			runOnlyForDeploymentPostprocessing = 0;
		};
		13B07F8E1A680F5B00A75B9A /* Resources */ = {
			isa = PBXResourcesBuildPhase;
			buildActionMask = 2147483647;
			files = (
				81AB9BB82411601600AC10FF /* LaunchScreen.storyboard in Resources */,
				13B07FBF1A68108700A75B9A /* Images.xcassets in Resources */,
				E1377A3BA5554612B7FA4703 /* BebasNeue-Bold.otf in Resources */,
				68C0DA1D87514EC687AAE6DB /* BebasNeue-Book.otf in Resources */,
				4C9B43E515F74A07A8007926 /* BebasNeue-Light.otf in Resources */,
				DA2A70FBA4FC48C3A1FD5ACC /* BebasNeue-Regular.otf in Resources */,
				46033BC0EB5747D4945D42C3 /* BebasNeue-Thin.otf in Resources */,
				D219E397C2F74382B98BE1AE /* Poppins-Black.ttf in Resources */,
				48F28BB089754904B023D0F3 /* Poppins-BlackItalic.ttf in Resources */,
				CF2537AB322D456AA354DBB0 /* Poppins-Bold.ttf in Resources */,
				15EBCFE91B1246E5B64C9D6D /* Poppins-BoldItalic.ttf in Resources */,
				CDD57596CDA04596B615EF6F /* Poppins-ExtraBold.ttf in Resources */,
				7DCD8F4680BF4D1C84B09B37 /* Poppins-ExtraBoldItalic.ttf in Resources */,
				7DBC5D0778454105A256FB1A /* Poppins-ExtraLight.ttf in Resources */,
				AF75F1CA5B1C4BAB97137C4C /* Poppins-ExtraLightItalic.ttf in Resources */,
				99D4D76FFE8543829CFD3308 /* Poppins-Italic.ttf in Resources */,
				58993F39A8E741F99DE2FF60 /* Poppins-Light.ttf in Resources */,
				FED89543A5FA46A6848CB0A8 /* Poppins-LightItalic.ttf in Resources */,
				6517CF0D00B74EE9A2DC7D79 /* Poppins-Medium.ttf in Resources */,
				B3080B3C7C4845F4907799A5 /* Poppins-MediumItalic.ttf in Resources */,
				DE3E0EA774A74338A647E3D4 /* Poppins-Regular.ttf in Resources */,
				017DF851EA814E83B5441A0B /* Poppins-SemiBold.ttf in Resources */,
				4852DD17CB3041879B15A77B /* Poppins-SemiBoldItalic.ttf in Resources */,
				4F686488222A48B5BFD784FB /* Poppins-Thin.ttf in Resources */,
				1431DC7459A54171A92D6F64 /* Poppins-ThinItalic.ttf in Resources */,
				DD2EC530468042548545DAFC /* SourceSansPro-Black.ttf in Resources */,
				36CA9E7E8B394794A51820AD /* SourceSansPro-BlackItalic.ttf in Resources */,
				72D58E9431664FDB99A0F839 /* SourceSansPro-Bold.ttf in Resources */,
				B0DF6AFC25184AD7AB72F6E9 /* SourceSansPro-BoldItalic.ttf in Resources */,
				570D9CD7BCA24E4D870E445E /* SourceSansPro-ExtraLight.ttf in Resources */,
				BC6B19F68D214B79BAC33A6C /* SourceSansPro-ExtraLightItalic.ttf in Resources */,
				96FA4B7FC9C447D794BFDB70 /* SourceSansPro-Italic.ttf in Resources */,
				A0065AEFFDF143B2A05C663E /* SourceSansPro-Light.ttf in Resources */,
				D5087DFF6F664C5AB8A48A87 /* SourceSansPro-LightItalic.ttf in Resources */,
				EAFA2621A0B14E37B31966D3 /* SourceSansPro-Regular.ttf in Resources */,
				04654C4BF7D549CAAF4927E4 /* SourceSansPro-SemiBold.ttf in Resources */,
				EAD6779240454BB898317C5B /* SourceSansPro-SemiBoldItalic.ttf in Resources */,
				409320EAFE9047288C638120 /* AntDesign.ttf in Resources */,
				A113F61F86D247FEA830A4B0 /* Entypo.ttf in Resources */,
				4199EB061C6146898706AB80 /* EvilIcons.ttf in Resources */,
				69675EB2E4DB423DA7B3BE9F /* Feather.ttf in Resources */,
				7CF127B09EDB4658A35FDFE3 /* FontAwesome.ttf in Resources */,
				3A88E989CAA0420B88F5CA9F /* FontAwesome5_Brands.ttf in Resources */,
				BA713AD527C242E6A62C238E /* FontAwesome5_Regular.ttf in Resources */,
				4E218FCB440A4750A1EA4231 /* FontAwesome5_Solid.ttf in Resources */,
				441314BC8FA4444387CAC490 /* Fontisto.ttf in Resources */,
				006983AF2C0B4665A4B18641 /* Foundation.ttf in Resources */,
				84BA3F697FAA41D9B7FA6BE2 /* Ionicons.ttf in Resources */,
				C2D323E6072F4A7087186C5D /* MaterialCommunityIcons.ttf in Resources */,
				136116A52B554137AFE70D87 /* MaterialIcons.ttf in Resources */,
				588C1CA466F648E5B979E85D /* Octicons.ttf in Resources */,
				09486D912C25493C852DA812 /* Roboto_medium.ttf in Resources */,
				CD183DE2E44E4856AD5DD8FD /* Roboto.ttf in Resources */,
				579ED5E7DF07430FBF686536 /* rubicon-icon-font.ttf in Resources */,
				0F2B3154A6654DA59C0C249D /* SimpleLineIcons.ttf in Resources */,
				2A79BEA702EE48EE8378049D /* Zocial.ttf in Resources */,
			);
			runOnlyForDeploymentPostprocessing = 0;
		};
		2D02E4791E0B4A5D006451C7 /* Resources */ = {
			isa = PBXResourcesBuildPhase;
			buildActionMask = 2147483647;
			files = (
				2D02E4BD1E0B4A84006451C7 /* Images.xcassets in Resources */,
			);
			runOnlyForDeploymentPostprocessing = 0;
		};
		2D02E48E1E0B4A5D006451C7 /* Resources */ = {
			isa = PBXResourcesBuildPhase;
			buildActionMask = 2147483647;
			files = (
			);
			runOnlyForDeploymentPostprocessing = 0;
		};
/* End PBXResourcesBuildPhase section */

/* Begin PBXShellScriptBuildPhase section */
		00DD1BFF1BD5951E006B06BC /* Bundle React Native code and images */ = {
			isa = PBXShellScriptBuildPhase;
			buildActionMask = 2147483647;
			files = (
			);
			inputPaths = (
			);
			name = "Bundle React Native code and images";
			outputPaths = (
			);
			runOnlyForDeploymentPostprocessing = 0;
			shellPath = /bin/sh;
			shellScript = "export NODE_BINARY=node\n../node_modules/react-native/scripts/react-native-xcode.sh";
		};
		2D02E4CB1E0B4B27006451C7 /* Bundle React Native Code And Images */ = {
			isa = PBXShellScriptBuildPhase;
			buildActionMask = 2147483647;
			files = (
			);
			inputPaths = (
			);
			name = "Bundle React Native Code And Images";
			outputPaths = (
			);
			runOnlyForDeploymentPostprocessing = 0;
			shellPath = /bin/sh;
			shellScript = "export NODE_BINARY=node\n../node_modules/react-native/scripts/react-native-xcode.sh";
		};
		FD10A7F022414F080027D42C /* Start Packager */ = {
			isa = PBXShellScriptBuildPhase;
			buildActionMask = 2147483647;
			files = (
			);
			inputFileListPaths = (
			);
			inputPaths = (
			);
			name = "Start Packager";
			outputFileListPaths = (
			);
			outputPaths = (
			);
			runOnlyForDeploymentPostprocessing = 0;
			shellPath = /bin/sh;
			shellScript = "export RCT_METRO_PORT=\"${RCT_METRO_PORT:=8081}\"\necho \"export RCT_METRO_PORT=${RCT_METRO_PORT}\" > \"${SRCROOT}/../node_modules/react-native/scripts/.packager.env\"\nif [ -z \"${RCT_NO_LAUNCH_PACKAGER+xxx}\" ] ; then\n  if nc -w 5 -z localhost ${RCT_METRO_PORT} ; then\n    if ! curl -s \"http://localhost:${RCT_METRO_PORT}/status\" | grep -q \"packager-status:running\" ; then\n      echo \"Port ${RCT_METRO_PORT} already in use, packager is either not running or not running correctly\"\n      exit 2\n    fi\n  else\n    open \"$SRCROOT/../node_modules/react-native/scripts/launchPackager.command\" || echo \"Can't start packager automatically\"\n  fi\nfi\n";
			showEnvVarsInLog = 0;
		};
		FD10A7F122414F3F0027D42C /* Start Packager */ = {
			isa = PBXShellScriptBuildPhase;
			buildActionMask = 2147483647;
			files = (
			);
			inputFileListPaths = (
			);
			inputPaths = (
			);
			name = "Start Packager";
			outputFileListPaths = (
			);
			outputPaths = (
			);
			runOnlyForDeploymentPostprocessing = 0;
			shellPath = /bin/sh;
			shellScript = "export RCT_METRO_PORT=\"${RCT_METRO_PORT:=8081}\"\necho \"export RCT_METRO_PORT=${RCT_METRO_PORT}\" > \"${SRCROOT}/../node_modules/react-native/scripts/.packager.env\"\nif [ -z \"${RCT_NO_LAUNCH_PACKAGER+xxx}\" ] ; then\n  if nc -w 5 -z localhost ${RCT_METRO_PORT} ; then\n    if ! curl -s \"http://localhost:${RCT_METRO_PORT}/status\" | grep -q \"packager-status:running\" ; then\n      echo \"Port ${RCT_METRO_PORT} already in use, packager is either not running or not running correctly\"\n      exit 2\n    fi\n  else\n    open \"$SRCROOT/../node_modules/react-native/scripts/launchPackager.command\" || echo \"Can't start packager automatically\"\n  fi\nfi\n";
			showEnvVarsInLog = 0;
		};
/* End PBXShellScriptBuildPhase section */

/* Begin PBXSourcesBuildPhase section */
		00E356EA1AD99517003FC87E /* Sources */ = {
			isa = PBXSourcesBuildPhase;
			buildActionMask = 2147483647;
			files = (
				00E356F31AD99517003FC87E /* RushVendorTests.m in Sources */,
			);
			runOnlyForDeploymentPostprocessing = 0;
		};
		13B07F871A680F5B00A75B9A /* Sources */ = {
			isa = PBXSourcesBuildPhase;
			buildActionMask = 2147483647;
			files = (
				13B07FBC1A68108700A75B9A /* AppDelegate.m in Sources */,
				13B07FC11A68108700A75B9A /* main.m in Sources */,
			);
			runOnlyForDeploymentPostprocessing = 0;
		};
		2D02E4771E0B4A5D006451C7 /* Sources */ = {
			isa = PBXSourcesBuildPhase;
			buildActionMask = 2147483647;
			files = (
				2D02E4BF1E0B4AB3006451C7 /* main.m in Sources */,
				2D02E4BC1E0B4A80006451C7 /* AppDelegate.m in Sources */,
			);
			runOnlyForDeploymentPostprocessing = 0;
		};
		2D02E48C1E0B4A5D006451C7 /* Sources */ = {
			isa = PBXSourcesBuildPhase;
			buildActionMask = 2147483647;
			files = (
				2DCD954D1E0B4F2C00145EB5 /* RushVendorTests.m in Sources */,
			);
			runOnlyForDeploymentPostprocessing = 0;
		};
/* End PBXSourcesBuildPhase section */

/* Begin PBXTargetDependency section */
		00E356F51AD99517003FC87E /* PBXTargetDependency */ = {
			isa = PBXTargetDependency;
			target = 13B07F861A680F5B00A75B9A /* RushVendor */;
			targetProxy = 00E356F41AD99517003FC87E /* PBXContainerItemProxy */;
		};
		2D02E4921E0B4A5D006451C7 /* PBXTargetDependency */ = {
			isa = PBXTargetDependency;
			target = 2D02E47A1E0B4A5D006451C7 /* RushVendor-tvOS */;
			targetProxy = 2D02E4911E0B4A5D006451C7 /* PBXContainerItemProxy */;
		};
/* End PBXTargetDependency section */

/* Begin XCBuildConfiguration section */
		00E356F61AD99517003FC87E /* Debug */ = {
			isa = XCBuildConfiguration;
			buildSettings = {
				BUNDLE_LOADER = "$(TEST_HOST)";
				GCC_PREPROCESSOR_DEFINITIONS = (
					"DEBUG=1",
					"$(inherited)",
				);
				INFOPLIST_FILE = RushVendorTests/Info.plist;
				IPHONEOS_DEPLOYMENT_TARGET = 10.0;
				LD_RUNPATH_SEARCH_PATHS = "$(inherited) @executable_path/Frameworks @loader_path/Frameworks";
				OTHER_LDFLAGS = (
					"-ObjC",
					"-lc++",
					"$(inherited)",
				);
				PRODUCT_BUNDLE_IDENTIFIER = "org.reactjs.native.example.$(PRODUCT_NAME:rfc1034identifier)";
				PRODUCT_NAME = "$(TARGET_NAME)";
				TEST_HOST = "$(BUILT_PRODUCTS_DIR)/RushVendor.app/RushVendor";
			};
			name = Debug;
		};
		00E356F71AD99517003FC87E /* Release */ = {
			isa = XCBuildConfiguration;
			buildSettings = {
				BUNDLE_LOADER = "$(TEST_HOST)";
				COPY_PHASE_STRIP = NO;
				INFOPLIST_FILE = RushVendorTests/Info.plist;
				IPHONEOS_DEPLOYMENT_TARGET = 10.0;
				LD_RUNPATH_SEARCH_PATHS = "$(inherited) @executable_path/Frameworks @loader_path/Frameworks";
				OTHER_LDFLAGS = (
					"-ObjC",
					"-lc++",
					"$(inherited)",
				);
				PRODUCT_BUNDLE_IDENTIFIER = "org.reactjs.native.example.$(PRODUCT_NAME:rfc1034identifier)";
				PRODUCT_NAME = "$(TARGET_NAME)";
				TEST_HOST = "$(BUILT_PRODUCTS_DIR)/RushVendor.app/RushVendor";
			};
			name = Release;
		};
		13B07F941A680F5B00A75B9A /* Debug */ = {
			isa = XCBuildConfiguration;
			buildSettings = {
				ASSETCATALOG_COMPILER_APPICON_NAME = AppIcon;
				CLANG_ENABLE_MODULES = YES;
				CURRENT_PROJECT_VERSION = 1;
				ENABLE_BITCODE = NO;
				INFOPLIST_FILE = RushVendor/Info.plist;
				LD_RUNPATH_SEARCH_PATHS = "$(inherited) @executable_path/Frameworks";
				OTHER_LDFLAGS = (
					"$(inherited)",
					"-ObjC",
					"-lc++",
				);
				PRODUCT_BUNDLE_IDENTIFIER = "org.reactjs.native.example.$(PRODUCT_NAME:rfc1034identifier)";
				PRODUCT_NAME = RushVendor;
				SWIFT_OPTIMIZATION_LEVEL = "-Onone";
				SWIFT_VERSION = 5.0;
				VERSIONING_SYSTEM = "apple-generic";
			};
			name = Debug;
		};
		13B07F951A680F5B00A75B9A /* Release */ = {
			isa = XCBuildConfiguration;
			buildSettings = {
				ASSETCATALOG_COMPILER_APPICON_NAME = AppIcon;
				CLANG_ENABLE_MODULES = YES;
				CURRENT_PROJECT_VERSION = 1;
				INFOPLIST_FILE = RushVendor/Info.plist;
				LD_RUNPATH_SEARCH_PATHS = "$(inherited) @executable_path/Frameworks";
				OTHER_LDFLAGS = (
					"$(inherited)",
					"-ObjC",
					"-lc++",
				);
				PRODUCT_BUNDLE_IDENTIFIER = "org.reactjs.native.example.$(PRODUCT_NAME:rfc1034identifier)";
				PRODUCT_NAME = RushVendor;
				SWIFT_VERSION = 5.0;
				VERSIONING_SYSTEM = "apple-generic";
			};
			name = Release;
		};
		2D02E4971E0B4A5E006451C7 /* Debug */ = {
			isa = XCBuildConfiguration;
			buildSettings = {
				ASSETCATALOG_COMPILER_APPICON_NAME = "App Icon & Top Shelf Image";
				ASSETCATALOG_COMPILER_LAUNCHIMAGE_NAME = LaunchImage;
				CLANG_ANALYZER_NONNULL = YES;
				CLANG_WARN_DOCUMENTATION_COMMENTS = YES;
				CLANG_WARN_INFINITE_RECURSION = YES;
				CLANG_WARN_SUSPICIOUS_MOVE = YES;
				DEBUG_INFORMATION_FORMAT = dwarf;
				ENABLE_TESTABILITY = YES;
				GCC_NO_COMMON_BLOCKS = YES;
				INFOPLIST_FILE = "RushVendor-tvOS/Info.plist";
				LD_RUNPATH_SEARCH_PATHS = "$(inherited) @executable_path/Frameworks";
				OTHER_LDFLAGS = (
					"$(inherited)",
					"-ObjC",
					"-lc++",
				);
				PRODUCT_BUNDLE_IDENTIFIER = "org.reactjs.native.example.RushVendor-tvOS";
				PRODUCT_NAME = "$(TARGET_NAME)";
				SDKROOT = appletvos;
				TARGETED_DEVICE_FAMILY = 3;
				TVOS_DEPLOYMENT_TARGET = 10.0;
			};
			name = Debug;
		};
		2D02E4981E0B4A5E006451C7 /* Release */ = {
			isa = XCBuildConfiguration;
			buildSettings = {
				ASSETCATALOG_COMPILER_APPICON_NAME = "App Icon & Top Shelf Image";
				ASSETCATALOG_COMPILER_LAUNCHIMAGE_NAME = LaunchImage;
				CLANG_ANALYZER_NONNULL = YES;
				CLANG_WARN_DOCUMENTATION_COMMENTS = YES;
				CLANG_WARN_INFINITE_RECURSION = YES;
				CLANG_WARN_SUSPICIOUS_MOVE = YES;
				COPY_PHASE_STRIP = NO;
				DEBUG_INFORMATION_FORMAT = "dwarf-with-dsym";
				GCC_NO_COMMON_BLOCKS = YES;
				INFOPLIST_FILE = "RushVendor-tvOS/Info.plist";
				LD_RUNPATH_SEARCH_PATHS = "$(inherited) @executable_path/Frameworks";
				OTHER_LDFLAGS = (
					"$(inherited)",
					"-ObjC",
					"-lc++",
				);
				PRODUCT_BUNDLE_IDENTIFIER = "org.reactjs.native.example.RushVendor-tvOS";
				PRODUCT_NAME = "$(TARGET_NAME)";
				SDKROOT = appletvos;
				TARGETED_DEVICE_FAMILY = 3;
				TVOS_DEPLOYMENT_TARGET = 10.0;
			};
			name = Release;
		};
		2D02E4991E0B4A5E006451C7 /* Debug */ = {
			isa = XCBuildConfiguration;
			buildSettings = {
				BUNDLE_LOADER = "$(TEST_HOST)";
				CLANG_ANALYZER_NONNULL = YES;
				CLANG_WARN_DOCUMENTATION_COMMENTS = YES;
				CLANG_WARN_INFINITE_RECURSION = YES;
				CLANG_WARN_SUSPICIOUS_MOVE = YES;
				DEBUG_INFORMATION_FORMAT = dwarf;
				ENABLE_TESTABILITY = YES;
				GCC_NO_COMMON_BLOCKS = YES;
				INFOPLIST_FILE = "RushVendor-tvOSTests/Info.plist";
				LD_RUNPATH_SEARCH_PATHS = "$(inherited) @executable_path/Frameworks @loader_path/Frameworks";
				OTHER_LDFLAGS = (
					"$(inherited)",
					"-ObjC",
					"-lc++",
				);
				PRODUCT_BUNDLE_IDENTIFIER = "org.reactjs.native.example.RushVendor-tvOSTests";
				PRODUCT_NAME = "$(TARGET_NAME)";
				SDKROOT = appletvos;
				TEST_HOST = "$(BUILT_PRODUCTS_DIR)/RushVendor-tvOS.app/RushVendor-tvOS";
				TVOS_DEPLOYMENT_TARGET = 10.1;
			};
			name = Debug;
		};
		2D02E49A1E0B4A5E006451C7 /* Release */ = {
			isa = XCBuildConfiguration;
			buildSettings = {
				BUNDLE_LOADER = "$(TEST_HOST)";
				CLANG_ANALYZER_NONNULL = YES;
				CLANG_WARN_DOCUMENTATION_COMMENTS = YES;
				CLANG_WARN_INFINITE_RECURSION = YES;
				CLANG_WARN_SUSPICIOUS_MOVE = YES;
				COPY_PHASE_STRIP = NO;
				DEBUG_INFORMATION_FORMAT = "dwarf-with-dsym";
				GCC_NO_COMMON_BLOCKS = YES;
				INFOPLIST_FILE = "RushVendor-tvOSTests/Info.plist";
				LD_RUNPATH_SEARCH_PATHS = "$(inherited) @executable_path/Frameworks @loader_path/Frameworks";
				OTHER_LDFLAGS = (
					"$(inherited)",
					"-ObjC",
					"-lc++",
				);
				PRODUCT_BUNDLE_IDENTIFIER = "org.reactjs.native.example.RushVendor-tvOSTests";
				PRODUCT_NAME = "$(TARGET_NAME)";
				SDKROOT = appletvos;
				TEST_HOST = "$(BUILT_PRODUCTS_DIR)/RushVendor-tvOS.app/RushVendor-tvOS";
				TVOS_DEPLOYMENT_TARGET = 10.1;
			};
			name = Release;
		};
		83CBBA201A601CBA00E9B192 /* Debug */ = {
			isa = XCBuildConfiguration;
			buildSettings = {
				ALWAYS_SEARCH_USER_PATHS = NO;
				CLANG_ANALYZER_LOCALIZABILITY_NONLOCALIZED = YES;
				CLANG_CXX_LANGUAGE_STANDARD = "gnu++0x";
				CLANG_CXX_LIBRARY = "libc++";
				CLANG_ENABLE_MODULES = YES;
				CLANG_ENABLE_OBJC_ARC = YES;
				CLANG_WARN_BLOCK_CAPTURE_AUTORELEASING = YES;
				CLANG_WARN_BOOL_CONVERSION = YES;
				CLANG_WARN_COMMA = YES;
				CLANG_WARN_CONSTANT_CONVERSION = YES;
				CLANG_WARN_DEPRECATED_OBJC_IMPLEMENTATIONS = YES;
				CLANG_WARN_DIRECT_OBJC_ISA_USAGE = YES_ERROR;
				CLANG_WARN_EMPTY_BODY = YES;
				CLANG_WARN_ENUM_CONVERSION = YES;
				CLANG_WARN_INFINITE_RECURSION = YES;
				CLANG_WARN_INT_CONVERSION = YES;
				CLANG_WARN_NON_LITERAL_NULL_CONVERSION = YES;
				CLANG_WARN_OBJC_IMPLICIT_RETAIN_SELF = YES;
				CLANG_WARN_OBJC_LITERAL_CONVERSION = YES;
				CLANG_WARN_OBJC_ROOT_CLASS = YES_ERROR;
				CLANG_WARN_RANGE_LOOP_ANALYSIS = YES;
				CLANG_WARN_STRICT_PROTOTYPES = YES;
				CLANG_WARN_SUSPICIOUS_MOVE = YES;
				CLANG_WARN_UNREACHABLE_CODE = YES;
				CLANG_WARN__DUPLICATE_METHOD_MATCH = YES;
				"CODE_SIGN_IDENTITY[sdk=iphoneos*]" = "iPhone Developer";
				COPY_PHASE_STRIP = NO;
				ENABLE_STRICT_OBJC_MSGSEND = YES;
				ENABLE_TESTABILITY = YES;
				GCC_C_LANGUAGE_STANDARD = gnu99;
				GCC_DYNAMIC_NO_PIC = NO;
				GCC_NO_COMMON_BLOCKS = YES;
				GCC_OPTIMIZATION_LEVEL = 0;
				GCC_PREPROCESSOR_DEFINITIONS = (
					"DEBUG=1",
					"$(inherited)",
				);
				GCC_SYMBOLS_PRIVATE_EXTERN = NO;
				GCC_WARN_64_TO_32_BIT_CONVERSION = YES;
				GCC_WARN_ABOUT_RETURN_TYPE = YES_ERROR;
				GCC_WARN_UNDECLARED_SELECTOR = YES;
				GCC_WARN_UNINITIALIZED_AUTOS = YES_AGGRESSIVE;
				GCC_WARN_UNUSED_FUNCTION = YES;
				GCC_WARN_UNUSED_VARIABLE = YES;
				IPHONEOS_DEPLOYMENT_TARGET = 10.0;
				LD_RUNPATH_SEARCH_PATHS = "/usr/lib/swift $(inherited)";
				LIBRARY_SEARCH_PATHS = (
					"\"$(TOOLCHAIN_DIR)/usr/lib/swift/$(PLATFORM_NAME)\"",
					"\"$(TOOLCHAIN_DIR)/usr/lib/swift-5.0/$(PLATFORM_NAME)\"",
					"\"$(inherited)\"",
				);
				MTL_ENABLE_DEBUG_INFO = YES;
				ONLY_ACTIVE_ARCH = YES;
				SDKROOT = iphoneos;
			};
			name = Debug;
		};
		83CBBA211A601CBA00E9B192 /* Release */ = {
			isa = XCBuildConfiguration;
			buildSettings = {
				ALWAYS_SEARCH_USER_PATHS = NO;
				CLANG_ANALYZER_LOCALIZABILITY_NONLOCALIZED = YES;
				CLANG_CXX_LANGUAGE_STANDARD = "gnu++0x";
				CLANG_CXX_LIBRARY = "libc++";
				CLANG_ENABLE_MODULES = YES;
				CLANG_ENABLE_OBJC_ARC = YES;
				CLANG_WARN_BLOCK_CAPTURE_AUTORELEASING = YES;
				CLANG_WARN_BOOL_CONVERSION = YES;
				CLANG_WARN_COMMA = YES;
				CLANG_WARN_CONSTANT_CONVERSION = YES;
				CLANG_WARN_DEPRECATED_OBJC_IMPLEMENTATIONS = YES;
				CLANG_WARN_DIRECT_OBJC_ISA_USAGE = YES_ERROR;
				CLANG_WARN_EMPTY_BODY = YES;
				CLANG_WARN_ENUM_CONVERSION = YES;
				CLANG_WARN_INFINITE_RECURSION = YES;
				CLANG_WARN_INT_CONVERSION = YES;
				CLANG_WARN_NON_LITERAL_NULL_CONVERSION = YES;
				CLANG_WARN_OBJC_IMPLICIT_RETAIN_SELF = YES;
				CLANG_WARN_OBJC_LITERAL_CONVERSION = YES;
				CLANG_WARN_OBJC_ROOT_CLASS = YES_ERROR;
				CLANG_WARN_RANGE_LOOP_ANALYSIS = YES;
				CLANG_WARN_STRICT_PROTOTYPES = YES;
				CLANG_WARN_SUSPICIOUS_MOVE = YES;
				CLANG_WARN_UNREACHABLE_CODE = YES;
				CLANG_WARN__DUPLICATE_METHOD_MATCH = YES;
				"CODE_SIGN_IDENTITY[sdk=iphoneos*]" = "iPhone Developer";
				COPY_PHASE_STRIP = YES;
				ENABLE_NS_ASSERTIONS = NO;
				ENABLE_STRICT_OBJC_MSGSEND = YES;
				GCC_C_LANGUAGE_STANDARD = gnu99;
				GCC_NO_COMMON_BLOCKS = YES;
				GCC_WARN_64_TO_32_BIT_CONVERSION = YES;
				GCC_WARN_ABOUT_RETURN_TYPE = YES_ERROR;
				GCC_WARN_UNDECLARED_SELECTOR = YES;
				GCC_WARN_UNINITIALIZED_AUTOS = YES_AGGRESSIVE;
				GCC_WARN_UNUSED_FUNCTION = YES;
				GCC_WARN_UNUSED_VARIABLE = YES;
				IPHONEOS_DEPLOYMENT_TARGET = 10.0;
				LD_RUNPATH_SEARCH_PATHS = "/usr/lib/swift $(inherited)";
				LIBRARY_SEARCH_PATHS = (
					"\"$(TOOLCHAIN_DIR)/usr/lib/swift/$(PLATFORM_NAME)\"",
					"\"$(TOOLCHAIN_DIR)/usr/lib/swift-5.0/$(PLATFORM_NAME)\"",
					"\"$(inherited)\"",
				);
				MTL_ENABLE_DEBUG_INFO = NO;
				SDKROOT = iphoneos;
				VALIDATE_PRODUCT = YES;
			};
			name = Release;
		};
/* End XCBuildConfiguration section */

/* Begin XCConfigurationList section */
		00E357021AD99517003FC87E /* Build configuration list for PBXNativeTarget "RushVendorTests" */ = {
			isa = XCConfigurationList;
			buildConfigurations = (
				00E356F61AD99517003FC87E /* Debug */,
				00E356F71AD99517003FC87E /* Release */,
			);
			defaultConfigurationIsVisible = 0;
			defaultConfigurationName = Release;
		};
		13B07F931A680F5B00A75B9A /* Build configuration list for PBXNativeTarget "RushVendor" */ = {
			isa = XCConfigurationList;
			buildConfigurations = (
				13B07F941A680F5B00A75B9A /* Debug */,
				13B07F951A680F5B00A75B9A /* Release */,
			);
			defaultConfigurationIsVisible = 0;
			defaultConfigurationName = Release;
		};
		2D02E4BA1E0B4A5E006451C7 /* Build configuration list for PBXNativeTarget "RushVendor-tvOS" */ = {
			isa = XCConfigurationList;
			buildConfigurations = (
				2D02E4971E0B4A5E006451C7 /* Debug */,
				2D02E4981E0B4A5E006451C7 /* Release */,
			);
			defaultConfigurationIsVisible = 0;
			defaultConfigurationName = Release;
		};
		2D02E4BB1E0B4A5E006451C7 /* Build configuration list for PBXNativeTarget "RushVendor-tvOSTests" */ = {
			isa = XCConfigurationList;
			buildConfigurations = (
				2D02E4991E0B4A5E006451C7 /* Debug */,
				2D02E49A1E0B4A5E006451C7 /* Release */,
			);
			defaultConfigurationIsVisible = 0;
			defaultConfigurationName = Release;
		};
		83CBB9FA1A601CBA00E9B192 /* Build configuration list for PBXProject "RushVendor" */ = {
			isa = XCConfigurationList;
			buildConfigurations = (
				83CBBA201A601CBA00E9B192 /* Debug */,
				83CBBA211A601CBA00E9B192 /* Release */,
			);
			defaultConfigurationIsVisible = 0;
			defaultConfigurationName = Release;
		};
/* End XCConfigurationList section */
	};
	rootObject = 83CBB9F71A601CBA00E9B192 /* Project object */;
}
